
Microsoft Visual Studio Solution File, Format Version 12.00
# Visual Studio 15
VisualStudioVersion = 15.0.28307.106
MinimumVisualStudioVersion = 10.0.40219.1
Project("{FAE04EC0-301F-11D3-BF4B-00C04F79EFBC}") = "Design for Registration and Login", "Design for Registration and Login\Design for Registration and Login.csproj", "{73F72803-5FF7-4D76-8F2E-0901E748EA6D}"
EndProject
Global
	GlobalSection(SolutionConfigurationPlatforms) = preSolution
		Debug|Any CPU = Debug|Any CPU
		Release|Any CPU = Release|Any CPU
	EndGlobalSection
	GlobalSection(ProjectConfigurationPlatforms) = postSolution
		{73F72803-5FF7-4D76-8F2E-0901E748EA6D}.Debug|Any CPU.ActiveCfg = Debug|Any CPU
		{73F72803-5FF7-4D76-8F2E-0901E748EA6D}.Debug|Any CPU.Build.0 = Debug|Any CPU
		{73F72803-5FF7-4D76-8F2E-0901E748EA6D}.Release|Any CPU.ActiveCfg = Release|Any CPU
		{73F72803-5FF7-4D76-8F2E-0901E748EA6D}.Release|Any CPU.Build.0 = Release|Any CPU
	EndGlobalSection
	GlobalSection(SolutionProperties) = preSolution
		HideSolutionNode = FALSE
	EndGlobalSection
	GlobalSection(ExtensibilityGlobals) = postSolution
		SolutionGuid = {01B94BBE-897B-4C8F-A244-84AE12A88169}
	EndGlobalSection
EndGlobal
